// !$*UTF8*$!
{
	archiveVersion = 1;
	classes = {
	};
	objectVersion = 56;
	objects = {

/* Begin PBXBuildFile section */
		090B9985A0560EB0F7F8AAA9 /* Pods_rto2.framework in Frameworks */ = {isa = PBXBuildFile; fileRef = F30B43415C24F50AACDD489F /* Pods_rto2.framework */; };
		2062D1BA2B32EFAD0054BFDB /* AppDelegate.swift in Sources */ = {isa = PBXBuildFile; fileRef = 2062D1B92B32EFAD0054BFDB /* AppDelegate.swift */; };
		2062D1BC2B32EFAD0054BFDB /* SceneDelegate.swift in Sources */ = {isa = PBXBuildFile; fileRef = 2062D1BB2B32EFAD0054BFDB /* SceneDelegate.swift */; };
		2062D1BE2B32EFAD0054BFDB /* ViewController.swift in Sources */ = {isa = PBXBuildFile; fileRef = 2062D1BD2B32EFAD0054BFDB /* ViewController.swift */; };
		2062D1C12B32EFAD0054BFDB /* Main.storyboard in Resources */ = {isa = PBXBuildFile; fileRef = 2062D1BF2B32EFAD0054BFDB /* Main.storyboard */; };
		2062D1C32B32EFAE0054BFDB /* Assets.xcassets in Resources */ = {isa = PBXBuildFile; fileRef = 2062D1C22B32EFAE0054BFDB /* Assets.xcassets */; };
		2062D1C62B32EFAE0054BFDB /* LaunchScreen.storyboard in Resources */ = {isa = PBXBuildFile; fileRef = 2062D1C42B32EFAE0054BFDB /* LaunchScreen.storyboard */; };
		2062D1D32B32F07E0054BFDB /* QuestionBank.swift in Sources */ = {isa = PBXBuildFile; fileRef = 2062D1D22B32F07E0054BFDB /* QuestionBank.swift */; };
		2062D1D52B32F0930054BFDB /* PracticeVC.swift in Sources */ = {isa = PBXBuildFile; fileRef = 2062D1D42B32F0930054BFDB /* PracticeVC.swift */; };
		2062D1D72B32F0A20054BFDB /* ExamVC.swift in Sources */ = {isa = PBXBuildFile; fileRef = 2062D1D62B32F0A20054BFDB /* ExamVC.swift */; };
		2062D1D92B32F0B70054BFDB /* VideoVC.swift in Sources */ = {isa = PBXBuildFile; fileRef = 2062D1D82B32F0B70054BFDB /* VideoVC.swift */; };
		2062D1DB2B32F3050054BFDB /* MainPG.swift in Sources */ = {isa = PBXBuildFile; fileRef = 2062D1DA2B32F3050054BFDB /* MainPG.swift */; };
		2062D1DD2B3305330054BFDB /* QuestionssTVC.swift in Sources */ = {isa = PBXBuildFile; fileRef = 2062D1DC2B3305330054BFDB /* QuestionssTVC.swift */; };
		2062D1DF2B33054A0054BFDB /* ImageTVC.swift in Sources */ = {isa = PBXBuildFile; fileRef = 2062D1DE2B33054A0054BFDB /* ImageTVC.swift */; };
		209449CA2B53D4BD0089E8EA /* Alamofire in Frameworks */ = {isa = PBXBuildFile; productRef = 209449C92B53D4BD0089E8EA /* Alamofire */; };
		209449CC2B57AB020089E8EA /* videoTVC.swift in Sources */ = {isa = PBXBuildFile; fileRef = 209449CB2B57AB020089E8EA /* videoTVC.swift */; };
		209449CE2B57BA5C0089E8EA /* practiceCVC.swift in Sources */ = {isa = PBXBuildFile; fileRef = 209449CD2B57BA5C0089E8EA /* practiceCVC.swift */; };
		209449D02B57CBCC0089E8EA /* ExamCVC.swift in Sources */ = {isa = PBXBuildFile; fileRef = 209449CF2B57CBCC0089E8EA /* ExamCVC.swift */; };
		209449D32B59344F0089E8EA /* resultVC.swift in Sources */ = {isa = PBXBuildFile; fileRef = 209449D22B59344F0089E8EA /* resultVC.swift */; };
/* End PBXBuildFile section */

/* Begin PBXFileReference section */
		0894DE843034A361ABD2CC28 /* Pods-rto2.release.xcconfig */ = {isa = PBXFileReference; includeInIndex = 1; lastKnownFileType = text.xcconfig; name = "Pods-rto2.release.xcconfig"; path = "Target Support Files/Pods-rto2/Pods-rto2.release.xcconfig"; sourceTree = "<group>"; };
		2062D1B62B32EFAD0054BFDB /* rto2.app */ = {isa = PBXFileReference; explicitFileType = wrapper.application; includeInIndex = 0; path = rto2.app; sourceTree = BUILT_PRODUCTS_DIR; };
		2062D1B92B32EFAD0054BFDB /* AppDelegate.swift */ = {isa = PBXFileReference; lastKnownFileType = sourcecode.swift; path = AppDelegate.swift; sourceTree = "<group>"; };
		2062D1BB2B32EFAD0054BFDB /* SceneDelegate.swift */ = {isa = PBXFileReference; lastKnownFileType = sourcecode.swift; path = SceneDelegate.swift; sourceTree = "<group>"; };
		2062D1BD2B32EFAD0054BFDB /* ViewController.swift */ = {isa = PBXFileReference; lastKnownFileType = sourcecode.swift; path = ViewController.swift; sourceTree = "<group>"; };
		2062D1C02B32EFAD0054BFDB /* Base */ = {isa = PBXFileReference; lastKnownFileType = file.storyboard; name = Base; path = Base.lproj/Main.storyboard; sourceTree = "<group>"; };
		2062D1C22B32EFAE0054BFDB /* Assets.xcassets */ = {isa = PBXFileReference; lastKnownFileType = folder.assetcatalog; path = Assets.xcassets; sourceTree = "<group>"; };
		2062D1C52B32EFAE0054BFDB /* Base */ = {isa = PBXFileReference; lastKnownFileType = file.storyboard; name = Base; path = Base.lproj/LaunchScreen.storyboard; sourceTree = "<group>"; };
		2062D1C72B32EFAE0054BFDB /* Info.plist */ = {isa = PBXFileReference; lastKnownFileType = text.plist.xml; path = Info.plist; sourceTree = "<group>"; };
		2062D1D22B32F07E0054BFDB /* QuestionBank.swift */ = {isa = PBXFileReference; lastKnownFileType = sourcecode.swift; path = QuestionBank.swift; sourceTree = "<group>"; };
		2062D1D42B32F0930054BFDB /* PracticeVC.swift */ = {isa = PBXFileReference; lastKnownFileType = sourcecode.swift; path = PracticeVC.swift; sourceTree = "<group>"; };
		2062D1D62B32F0A20054BFDB /* ExamVC.swift */ = {isa = PBXFileReference; lastKnownFileType = sourcecode.swift; path = ExamVC.swift; sourceTree = "<group>"; };
		2062D1D82B32F0B70054BFDB /* VideoVC.swift */ = {isa = PBXFileReference; lastKnownFileType = sourcecode.swift; path = VideoVC.swift; sourceTree = "<group>"; };
		2062D1DA2B32F3050054BFDB /* MainPG.swift */ = {isa = PBXFileReference; lastKnownFileType = sourcecode.swift; path = MainPG.swift; sourceTree = "<group>"; };
		2062D1DC2B3305330054BFDB /* QuestionssTVC.swift */ = {isa = PBXFileReference; lastKnownFileType = sourcecode.swift; path = QuestionssTVC.swift; sourceTree = "<group>"; };
		2062D1DE2B33054A0054BFDB /* ImageTVC.swift */ = {isa = PBXFileReference; lastKnownFileType = sourcecode.swift; path = ImageTVC.swift; sourceTree = "<group>"; };
		209449CB2B57AB020089E8EA /* videoTVC.swift */ = {isa = PBXFileReference; lastKnownFileType = sourcecode.swift; path = videoTVC.swift; sourceTree = "<group>"; };
		209449CD2B57BA5C0089E8EA /* practiceCVC.swift */ = {isa = PBXFileReference; lastKnownFileType = sourcecode.swift; path = practiceCVC.swift; sourceTree = "<group>"; };
		209449CF2B57CBCC0089E8EA /* ExamCVC.swift */ = {isa = PBXFileReference; lastKnownFileType = sourcecode.swift; path = ExamCVC.swift; sourceTree = "<group>"; };
		209449D22B59344F0089E8EA /* resultVC.swift */ = {isa = PBXFileReference; lastKnownFileType = sourcecode.swift; path = resultVC.swift; sourceTree = "<group>"; };
		45CA3EDA71D56F12F0AF773C /* Pods-rto2.debug.xcconfig */ = {isa = PBXFileReference; includeInIndex = 1; lastKnownFileType = text.xcconfig; name = "Pods-rto2.debug.xcconfig"; path = "Target Support Files/Pods-rto2/Pods-rto2.debug.xcconfig"; sourceTree = "<group>"; };
		F30B43415C24F50AACDD489F /* Pods_rto2.framework */ = {isa = PBXFileReference; explicitFileType = wrapper.framework; includeInIndex = 0; path = Pods_rto2.framework; sourceTree = BUILT_PRODUCTS_DIR; };
/* End PBXFileReference section */

/* Begin PBXFrameworksBuildPhase section */
		2062D1B32B32EFAD0054BFDB /* Frameworks */ = {
			isa = PBXFrameworksBuildPhase;
			buildActionMask = 2147483647;
			files = (
				209449CA2B53D4BD0089E8EA /* Alamofire in Frameworks */,
				090B9985A0560EB0F7F8AAA9 /* Pods_rto2.framework in Frameworks */,
			);
			runOnlyForDeploymentPostprocessing = 0;
		};
/* End PBXFrameworksBuildPhase section */

/* Begin PBXGroup section */
		2062D1AD2B32EFAD0054BFDB = {
			isa = PBXGroup;
			children = (
				2062D1B82B32EFAD0054BFDB /* rto2 */,
				2062D1B72B32EFAD0054BFDB /* Products */,
				B091C97C3A69C5E5C8C9382B /* Pods */,
				BA6CE51F90313AB9115DFA82 /* Frameworks */,
			);
			sourceTree = "<group>";
		};
		2062D1B72B32EFAD0054BFDB /* Products */ = {
			isa = PBXGroup;
			children = (
				2062D1B62B32EFAD0054BFDB /* rto2.app */,
			);
			name = Products;
			sourceTree = "<group>";
		};
		2062D1B82B32EFAD0054BFDB /* rto2 */ = {
			isa = PBXGroup;
			children = (
				209449D12B5933D30089E8EA /* Result */,
				2062D1D12B32F0450054BFDB /* Question Bank */,
				2062D1D02B32F0370054BFDB /* Practice */,
				2062D1CF2B32F0280054BFDB /* Exam */,
				2062D1CE2B32F0030054BFDB /* Video */,
				2062D1B92B32EFAD0054BFDB /* AppDelegate.swift */,
				2062D1BB2B32EFAD0054BFDB /* SceneDelegate.swift */,
				2062D1BD2B32EFAD0054BFDB /* ViewController.swift */,
				2062D1DA2B32F3050054BFDB /* MainPG.swift */,
				2062D1BF2B32EFAD0054BFDB /* Main.storyboard */,
				2062D1C22B32EFAE0054BFDB /* Assets.xcassets */,
				2062D1C42B32EFAE0054BFDB /* LaunchScreen.storyboard */,
				2062D1C72B32EFAE0054BFDB /* Info.plist */,
			);
			path = rto2;
			sourceTree = "<group>";
		};
		2062D1CE2B32F0030054BFDB /* Video */ = {
			isa = PBXGroup;
			children = (
				2062D1D82B32F0B70054BFDB /* VideoVC.swift */,
				209449CB2B57AB020089E8EA /* videoTVC.swift */,
			);
			path = Video;
			sourceTree = "<group>";
		};
		2062D1CF2B32F0280054BFDB /* Exam */ = {
			isa = PBXGroup;
			children = (
				2062D1D62B32F0A20054BFDB /* ExamVC.swift */,
				209449CF2B57CBCC0089E8EA /* ExamCVC.swift */,
			);
			path = Exam;
			sourceTree = "<group>";
		};
		2062D1D02B32F0370054BFDB /* Practice */ = {
			isa = PBXGroup;
			children = (
				2062D1D42B32F0930054BFDB /* PracticeVC.swift */,
				209449CD2B57BA5C0089E8EA /* practiceCVC.swift */,
			);
			path = Practice;
			sourceTree = "<group>";
		};
		2062D1D12B32F0450054BFDB /* Question Bank */ = {
			isa = PBXGroup;
			children = (
				2062D1D22B32F07E0054BFDB /* QuestionBank.swift */,
				2062D1DC2B3305330054BFDB /* QuestionssTVC.swift */,
				2062D1DE2B33054A0054BFDB /* ImageTVC.swift */,
			);
			path = "Question Bank";
			sourceTree = "<group>";
		};
		209449D12B5933D30089E8EA /* Result */ = {
			isa = PBXGroup;
			children = (
				209449D22B59344F0089E8EA /* resultVC.swift */,
			);
			path = Result;
			sourceTree = "<group>";
		};
		B091C97C3A69C5E5C8C9382B /* Pods */ = {
			isa = PBXGroup;
			children = (
				45CA3EDA71D56F12F0AF773C /* Pods-rto2.debug.xcconfig */,
				0894DE843034A361ABD2CC28 /* Pods-rto2.release.xcconfig */,
			);
			path = Pods;
			sourceTree = "<group>";
		};
		BA6CE51F90313AB9115DFA82 /* Frameworks */ = {
			isa = PBXGroup;
			children = (
				F30B43415C24F50AACDD489F /* Pods_rto2.framework */,
			);
			name = Frameworks;
			sourceTree = "<group>";
		};
/* End PBXGroup section */

/* Begin PBXNativeTarget section */
		2062D1B52B32EFAD0054BFDB /* rto2 */ = {
			isa = PBXNativeTarget;
			buildConfigurationList = 2062D1CA2B32EFAE0054BFDB /* Build configuration list for PBXNativeTarget "rto2" */;
			buildPhases = (
				AB03123F1F2641CFE4DA526B /* [CP] Check Pods Manifest.lock */,
				2062D1B22B32EFAD0054BFDB /* Sources */,
				2062D1B32B32EFAD0054BFDB /* Frameworks */,
				2062D1B42B32EFAD0054BFDB /* Resources */,
				C6B7B3A2F45C58069FA7FC30 /* [CP] Embed Pods Frameworks */,
			);
			buildRules = (
			);
			dependencies = (
			);
			name = rto2;
			packageProductDependencies = (
				209449C92B53D4BD0089E8EA /* Alamofire */,
			);
			productName = rto2;
			productReference = 2062D1B62B32EFAD0054BFDB /* rto2.app */;
			productType = "com.apple.product-type.application";
		};
/* End PBXNativeTarget section */

/* Begin PBXProject section */
		2062D1AE2B32EFAD0054BFDB /* Project object */ = {
			isa = PBXProject;
			attributes = {
				BuildIndependentTargetsInParallel = 1;
				LastSwiftUpdateCheck = 1500;
				LastUpgradeCheck = 1500;
				TargetAttributes = {
					2062D1B52B32EFAD0054BFDB = {
						CreatedOnToolsVersion = 15.0.1;
					};
				};
			};
			buildConfigurationList = 2062D1B12B32EFAD0054BFDB /* Build configuration list for PBXProject "rto2" */;
			compatibilityVersion = "Xcode 14.0";
			developmentRegion = en;
			hasScannedForEncodings = 0;
			knownRegions = (
				en,
				Base,
			);
			mainGroup = 2062D1AD2B32EFAD0054BFDB;
			packageReferences = (
				209449C82B53D4BD0089E8EA /* XCRemoteSwiftPackageReference "Alamofire" */,
			);
			productRefGroup = 2062D1B72B32EFAD0054BFDB /* Products */;
			projectDirPath = "";
			projectRoot = "";
			targets = (
				2062D1B52B32EFAD0054BFDB /* rto2 */,
			);
		};
/* End PBXProject section */

/* Begin PBXResourcesBuildPhase section */
		2062D1B42B32EFAD0054BFDB /* Resources */ = {
			isa = PBXResourcesBuildPhase;
			buildActionMask = 2147483647;
			files = (
				2062D1C62B32EFAE0054BFDB /* LaunchScreen.storyboard in Resources */,
				2062D1C32B32EFAE0054BFDB /* Assets.xcassets in Resources */,
				2062D1C12B32EFAD0054BFDB /* Main.storyboard in Resources */,
			);
			runOnlyForDeploymentPostprocessing = 0;
		};
/* End PBXResourcesBuildPhase section */

/* Begin PBXShellScriptBuildPhase section */
		AB03123F1F2641CFE4DA526B /* [CP] Check Pods Manifest.lock */ = {
			isa = PBXShellScriptBuildPhase;
			buildActionMask = 2147483647;
			files = (
			);
			inputFileListPaths = (
			);
			inputPaths = (
				"${PODS_PODFILE_DIR_PATH}/Podfile.lock",
				"${PODS_ROOT}/Manifest.lock",
			);
			name = "[CP] Check Pods Manifest.lock";
			outputFileListPaths = (
			);
			outputPaths = (
				"$(DERIVED_FILE_DIR)/Pods-rto2-checkManifestLockResult.txt",
			);
			runOnlyForDeploymentPostprocessing = 0;
			shellPath = /bin/sh;
			shellScript = "diff \"${PODS_PODFILE_DIR_PATH}/Podfile.lock\" \"${PODS_ROOT}/Manifest.lock\" > /dev/null\nif [ $? != 0 ] ; then\n    # print error to STDERR\n    echo \"error: The sandbox is not in sync with the Podfile.lock. Run 'pod install' or update your CocoaPods installation.\" >&2\n    exit 1\nfi\n# This output is used by Xcode 'outputs' to avoid re-running this script phase.\necho \"SUCCESS\" > \"${SCRIPT_OUTPUT_FILE_0}\"\n";
			showEnvVarsInLog = 0;
		};
		C6B7B3A2F45C58069FA7FC30 /* [CP] Embed Pods Frameworks */ = {
			isa = PBXShellScriptBuildPhase;
			buildActionMask = 2147483647;
			files = (
			);
			inputFileListPaths = (
				"${PODS_ROOT}/Target Support Files/Pods-rto2/Pods-rto2-frameworks-${CONFIGURATION}-input-files.xcfilelist",
			);
			name = "[CP] Embed Pods Frameworks";
			outputFileListPaths = (
				"${PODS_ROOT}/Target Support Files/Pods-rto2/Pods-rto2-frameworks-${CONFIGURATION}-output-files.xcfilelist",
			);
			runOnlyForDeploymentPostprocessing = 0;
			shellPath = /bin/sh;
			shellScript = "\"${PODS_ROOT}/Target Support Files/Pods-rto2/Pods-rto2-frameworks.sh\"\n";
			showEnvVarsInLog = 0;
		};
/* End PBXShellScriptBuildPhase section */

/* Begin PBXSourcesBuildPhase section */
		2062D1B22B32EFAD0054BFDB /* Sources */ = {
			isa = PBXSourcesBuildPhase;
			buildActionMask = 2147483647;
			files = (
				209449D02B57CBCC0089E8EA /* ExamCVC.swift in Sources */,
				2062D1BE2B32EFAD0054BFDB /* ViewController.swift in Sources */,
				209449CC2B57AB020089E8EA /* videoTVC.swift in Sources */,
				2062D1D32B32F07E0054BFDB /* QuestionBank.swift in Sources */,
				2062D1BA2B32EFAD0054BFDB /* AppDelegate.swift in Sources */,
				209449D32B59344F0089E8EA /* resultVC.swift in Sources */,
				2062D1DD2B3305330054BFDB /* QuestionssTVC.swift in Sources */,
				2062D1DB2B32F3050054BFDB /* MainPG.swift in Sources */,
				2062D1D72B32F0A20054BFDB /* ExamVC.swift in Sources */,
				2062D1D92B32F0B70054BFDB /* VideoVC.swift in Sources */,
				2062D1DF2B33054A0054BFDB /* ImageTVC.swift in Sources */,
				2062D1D52B32F0930054BFDB /* PracticeVC.swift in Sources */,
				2062D1BC2B32EFAD0054BFDB /* SceneDelegate.swift in Sources */,
				209449CE2B57BA5C0089E8EA /* practiceCVC.swift in Sources */,
			);
			runOnlyForDeploymentPostprocessing = 0;
		};
/* End PBXSourcesBuildPhase section */

/* Begin PBXVariantGroup section */
		2062D1BF2B32EFAD0054BFDB /* Main.storyboard */ = {
			isa = PBXVariantGroup;
			children = (
				2062D1C02B32EFAD0054BFDB /* Base */,
			);
			name = Main.storyboard;
			sourceTree = "<group>";
		};
		2062D1C42B32EFAE0054BFDB /* LaunchScreen.storyboard */ = {
			isa = PBXVariantGroup;
			children = (
				2062D1C52B32EFAE0054BFDB /* Base */,
			);
			name = LaunchScreen.storyboard;
			sourceTree = "<group>";
		};
/* End PBXVariantGroup section */

/* Begin XCBuildConfiguration section */
		2062D1C82B32EFAE0054BFDB /* Debug */ = {
			isa = XCBuildConfiguration;
			buildSettings = {
				ALWAYS_SEARCH_USER_PATHS = NO;
				ASSETCATALOG_COMPILER_GENERATE_SWIFT_ASSET_SYMBOL_EXTENSIONS = YES;
				CLANG_ANALYZER_NONNULL = YES;
				CLANG_ANALYZER_NUMBER_OBJECT_CONVERSION = YES_AGGRESSIVE;
				CLANG_CXX_LANGUAGE_STANDARD = "gnu++20";
				CLANG_ENABLE_MODULES = YES;
				CLANG_ENABLE_OBJC_ARC = YES;
				CLANG_ENABLE_OBJC_WEAK = YES;
				CLANG_WARN_BLOCK_CAPTURE_AUTORELEASING = YES;
				CLANG_WARN_BOOL_CONVERSION = YES;
				CLANG_WARN_COMMA = YES;
				CLANG_WARN_CONSTANT_CONVERSION = YES;
				CLANG_WARN_DEPRECATED_OBJC_IMPLEMENTATIONS = YES;
				CLANG_WARN_DIRECT_OBJC_ISA_USAGE = YES_ERROR;
				CLANG_WARN_DOCUMENTATION_COMMENTS = YES;
				CLANG_WARN_EMPTY_BODY = YES;
				CLANG_WARN_ENUM_CONVERSION = YES;
				CLANG_WARN_INFINITE_RECURSION = YES;
				CLANG_WARN_INT_CONVERSION = YES;
				CLANG_WARN_NON_LITERAL_NULL_CONVERSION = YES;
				CLANG_WARN_OBJC_IMPLICIT_RETAIN_SELF = YES;
				CLANG_WARN_OBJC_LITERAL_CONVERSION = YES;
				CLANG_WARN_OBJC_ROOT_CLASS = YES_ERROR;
				CLANG_WARN_QUOTED_INCLUDE_IN_FRAMEWORK_HEADER = YES;
				CLANG_WARN_RANGE_LOOP_ANALYSIS = YES;
				CLANG_WARN_STRICT_PROTOTYPES = YES;
				CLANG_WARN_SUSPICIOUS_MOVE = YES;
				CLANG_WARN_UNGUARDED_AVAILABILITY = YES_AGGRESSIVE;
				CLANG_WARN_UNREACHABLE_CODE = YES;
				CLANG_WARN__DUPLICATE_METHOD_MATCH = YES;
				COPY_PHASE_STRIP = NO;
				DEBUG_INFORMATION_FORMAT = dwarf;
				ENABLE_STRICT_OBJC_MSGSEND = YES;
				ENABLE_TESTABILITY = YES;
				ENABLE_USER_SCRIPT_SANDBOXING = NO;
				GCC_C_LANGUAGE_STANDARD = gnu17;
				GCC_DYNAMIC_NO_PIC = NO;
				GCC_NO_COMMON_BLOCKS = YES;
				GCC_OPTIMIZATION_LEVEL = 0;
				GCC_PREPROCESSOR_DEFINITIONS = (
					"DEBUG=1",
					"$(inherited)",
				);
				GCC_WARN_64_TO_32_BIT_CONVERSION = YES;
				GCC_WARN_ABOUT_RETURN_TYPE = YES_ERROR;
				GCC_WARN_UNDECLARED_SELECTOR = YES;
				GCC_WARN_UNINITIALIZED_AUTOS = YES_AGGRESSIVE;
				GCC_WARN_UNUSED_FUNCTION = YES;
				GCC_WARN_UNUSED_VARIABLE = YES;
				IPHONEOS_DEPLOYMENT_TARGET = 17.0;
				LOCALIZATION_PREFERS_STRING_CATALOGS = YES;
				MTL_ENABLE_DEBUG_INFO = INCLUDE_SOURCE;
				MTL_FAST_MATH = YES;
				ONLY_ACTIVE_ARCH = YES;
				SDKROOT = iphoneos;
				SWIFT_ACTIVE_COMPILATION_CONDITIONS = "DEBUG $(inherited)";
				SWIFT_OPTIMIZATION_LEVEL = "-Onone";
			};
			name = Debug;
		};
		2062D1C92B32EFAE0054BFDB /* Release */ = {
			isa = XCBuildConfiguration;
			buildSettings = {
				ALWAYS_SEARCH_USER_PATHS = NO;
				ASSETCATALOG_COMPILER_GENERATE_SWIFT_ASSET_SYMBOL_EXTENSIONS = YES;
				CLANG_ANALYZER_NONNULL = YES;
				CLANG_ANALYZER_NUMBER_OBJECT_CONVERSION = YES_AGGRESSIVE;
				CLANG_CXX_LANGUAGE_STANDARD = "gnu++20";
				CLANG_ENABLE_MODULES = YES;
				CLANG_ENABLE_OBJC_ARC = YES;
				CLANG_ENABLE_OBJC_WEAK = YES;
				CLANG_WARN_BLOCK_CAPTURE_AUTORELEASING = YES;
				CLANG_WARN_BOOL_CONVERSION = YES;
				CLANG_WARN_COMMA = YES;
				CLANG_WARN_CONSTANT_CONVERSION = YES;
				CLANG_WARN_DEPRECATED_OBJC_IMPLEMENTATIONS = YES;
				CLANG_WARN_DIRECT_OBJC_ISA_USAGE = YES_ERROR;
				CLANG_WARN_DOCUMENTATION_COMMENTS = YES;
				CLANG_WARN_EMPTY_BODY = YES;
				CLANG_WARN_ENUM_CONVERSION = YES;
				CLANG_WARN_INFINITE_RECURSION = YES;
				CLANG_WARN_INT_CONVERSION = YES;
				CLANG_WARN_NON_LITERAL_NULL_CONVERSION = YES;
				CLANG_WARN_OBJC_IMPLICIT_RETAIN_SELF = YES;
				CLANG_WARN_OBJC_LITERAL_CONVERSION = YES;
				CLANG_WARN_OBJC_ROOT_CLASS = YES_ERROR;
				CLANG_WARN_QUOTED_INCLUDE_IN_FRAMEWORK_HEADER = YES;
				CLANG_WARN_RANGE_LOOP_ANALYSIS = YES;
				CLANG_WARN_STRICT_PROTOTYPES = YES;
				CLANG_WARN_SUSPICIOUS_MOVE = YES;
				CLANG_WARN_UNGUARDED_AVAILABILITY = YES_AGGRESSIVE;
				CLANG_WARN_UNREACHABLE_CODE = YES;
				CLANG_WARN__DUPLICATE_METHOD_MATCH = YES;
				COPY_PHASE_STRIP = NO;
				DEBUG_INFORMATION_FORMAT = "dwarf-with-dsym";
				ENABLE_NS_ASSERTIONS = NO;
				ENABLE_STRICT_OBJC_MSGSEND = YES;
				ENABLE_USER_SCRIPT_SANDBOXING = NO;
				GCC_C_LANGUAGE_STANDARD = gnu17;
				GCC_NO_COMMON_BLOCKS = YES;
				GCC_WARN_64_TO_32_BIT_CONVERSION = YES;
				GCC_WARN_ABOUT_RETURN_TYPE = YES_ERROR;
				GCC_WARN_UNDECLARED_SELECTOR = YES;
				GCC_WARN_UNINITIALIZED_AUTOS = YES_AGGRESSIVE;
				GCC_WARN_UNUSED_FUNCTION = YES;
				GCC_WARN_UNUSED_VARIABLE = YES;
				IPHONEOS_DEPLOYMENT_TARGET = 17.0;
				LOCALIZATION_PREFERS_STRING_CATALOGS = YES;
				MTL_ENABLE_DEBUG_INFO = NO;
				MTL_FAST_MATH = YES;
				SDKROOT = iphoneos;
				SWIFT_COMPILATION_MODE = wholemodule;
				VALIDATE_PRODUCT = YES;
			};
			name = Release;
		};
		2062D1CB2B32EFAE0054BFDB /* Debug */ = {
			isa = XCBuildConfiguration;
			baseConfigurationReference = 45CA3EDA71D56F12F0AF773C /* Pods-rto2.debug.xcconfig */;
			buildSettings = {
				ASSETCATALOG_COMPILER_APPICON_NAME = AppIcon;
				ASSETCATALOG_COMPILER_GLOBAL_ACCENT_COLOR_NAME = AccentColor;
				CODE_SIGN_STYLE = Automatic;
				CURRENT_PROJECT_VERSION = 1;
				GENERATE_INFOPLIST_FILE = YES;
				INFOPLIST_FILE = rto2/Info.plist;
				INFOPLIST_KEY_UIApplicationSupportsIndirectInputEvents = YES;
				INFOPLIST_KEY_UILaunchStoryboardName = LaunchScreen;
				INFOPLIST_KEY_UIMainStoryboardFile = Main;
				INFOPLIST_KEY_UISupportedInterfaceOrientations_iPad = "UIInterfaceOrientationPortrait UIInterfaceOrientationPortraitUpsideDown UIInterfaceOrientationLandscapeLeft UIInterfaceOrientationLandscapeRight";
				INFOPLIST_KEY_UISupportedInterfaceOrientations_iPhone = "UIInterfaceOrientationPortrait UIInterfaceOrientationLandscapeLeft UIInterfaceOrientationLandscapeRight";
				LD_RUNPATH_SEARCH_PATHS = (
					"$(inherited)",
					"@executable_path/Frameworks",
				);
				MARKETING_VERSION = 1.0;
				PRODUCT_BUNDLE_IDENTIFIER = com.trycatch.rto2;
				PRODUCT_NAME = "$(TARGET_NAME)";
				SWIFT_EMIT_LOC_STRINGS = YES;
				SWIFT_VERSION = 5.0;
				TARGETED_DEVICE_FAMILY = "1,2";
			};
			name = Debug;
		};
		2062D1CC2B32EFAE0054BFDB /* Release */ = {
			isa = XCBuildConfiguration;
			baseConfigurationReference = 0894DE843034A361ABD2CC28 /* Pods-rto2.release.xcconfig */;
			buildSettings = {
				ASSETCATALOG_COMPILER_APPICON_NAME = AppIcon;
				ASSETCATALOG_COMPILER_GLOBAL_ACCENT_COLOR_NAME = AccentColor;
				CODE_SIGN_STYLE = Automatic;
				CURRENT_PROJECT_VERSION = 1;
				GENERATE_INFOPLIST_FILE = YES;
				INFOPLIST_FILE = rto2/Info.plist;
				INFOPLIST_KEY_UIApplicationSupportsIndirectInputEvents = YES;
				INFOPLIST_KEY_UILaunchStoryboardName = LaunchScreen;
				INFOPLIST_KEY_UIMainStoryboardFile = Main;
				INFOPLIST_KEY_UISupportedInterfaceOrientations_iPad = "UIInterfaceOrientationPortrait UIInterfaceOrientationPortraitUpsideDown UIInterfaceOrientationLandscapeLeft UIInterfaceOrientationLandscapeRight";
				INFOPLIST_KEY_UISupportedInterfaceOrientations_iPhone = "UIInterfaceOrientationPortrait UIInterfaceOrientationLandscapeLeft UIInterfaceOrientationLandscapeRight";
				LD_RUNPATH_SEARCH_PATHS = (
					"$(inherited)",
					"@executable_path/Frameworks",
				);
				MARKETING_VERSION = 1.0;
				PRODUCT_BUNDLE_IDENTIFIER = com.trycatch.rto2;
				PRODUCT_NAME = "$(TARGET_NAME)";
				SWIFT_EMIT_LOC_STRINGS = YES;
				SWIFT_VERSION = 5.0;
				TARGETED_DEVICE_FAMILY = "1,2";
			};
			name = Release;
		};
/* End XCBuildConfiguration section */

/* Begin XCConfigurationList section */
		2062D1B12B32EFAD0054BFDB /* Build configuration list for PBXProject "rto2" */ = {
			isa = XCConfigurationList;
			buildConfigurations = (
				2062D1C82B32EFAE0054BFDB /* Debug */,
				2062D1C92B32EFAE0054BFDB /* Release */,
			);
			defaultConfigurationIsVisible = 0;
			defaultConfigurationName = Release;
		};
		2062D1CA2B32EFAE0054BFDB /* Build configuration list for PBXNativeTarget "rto2" */ = {
			isa = XCConfigurationList;
			buildConfigurations = (
				2062D1CB2B32EFAE0054BFDB /* Debug */,
				2062D1CC2B32EFAE0054BFDB /* Release */,
			);
			defaultConfigurationIsVisible = 0;
			defaultConfigurationName = Release;
		};
/* End XCConfigurationList section */

/* Begin XCRemoteSwiftPackageReference section */
		209449C82B53D4BD0089E8EA /* XCRemoteSwiftPackageReference "Alamofire" */ = {
			isa = XCRemoteSwiftPackageReference;
			repositoryURL = "https://github.com/Alamofire/Alamofire.git";
			requirement = {
				kind = upToNextMajorVersion;
				minimumVersion = 5.8.1;
			};
		};
/* End XCRemoteSwiftPackageReference section */

/* Begin XCSwiftPackageProductDependency section */
		209449C92B53D4BD0089E8EA /* Alamofire */ = {
			isa = XCSwiftPackageProductDependency;
			package = 209449C82B53D4BD0089E8EA /* XCRemoteSwiftPackageReference "Alamofire" */;
			productName = Alamofire;
		};
/* End XCSwiftPackageProductDependency section */
	};
	rootObject = 2062D1AE2B32EFAD0054BFDB /* Project object */;
}
